Microsoft Visual Studio Solution File, Format Version 12.00
# Visual Studio Version 17
VisualStudioVersion = 17.5.2.0
MinimumVisualStudioVersion = 10.0.40219.1
Project("{2150E333-8FDC-42A3-9474-1A3956D46DE8}") = "src", "src", "{827E0CD3-B72D-47B6-A68D-7590B98EB39B}"
EndProject
Project("{FAE04EC0-301F-11D3-BF4B-00C04F79EFBC}") = "CartApi", "src\CartApi\CartApi.csproj", "{BC8AF980-DCFC-85F6-89B0-B7B22A1C17DF}"
EndProject
Global
	GlobalSection(SolutionConfigurationPlatforms) = preSolution
		Debug|Any CPU = Debug|Any CPU
		Release|Any CPU = Release|Any CPU
	EndGlobalSection
	GlobalSection(ProjectConfigurationPlatforms) = postSolution
		{BC8AF980-DCFC-85F6-89B0-B7B22A1C17DF}.Debug|Any CPU.ActiveCfg = Debug|Any CPU
		{BC8AF980-DCFC-85F6-89B0-B7B22A1C17DF}.Debug|Any CPU.Build.0 = Debug|Any CPU
		{BC8AF980-DCFC-85F6-89B0-B7B22A1C17DF}.Release|Any CPU.ActiveCfg = Release|Any CPU
		{BC8AF980-DCFC-85F6-89B0-B7B22A1C17DF}.Release|Any CPU.Build.0 = Release|Any CPU
	EndGlobalSection
	GlobalSection(SolutionProperties) = preSolution
		HideSolutionNode = FALSE
	EndGlobalSection
	GlobalSection(NestedProjects) = preSolution
		{BC8AF980-DCFC-85F6-89B0-B7B22A1C17DF} = {827E0CD3-B72D-47B6-A68D-7590B98EB39B}
	EndGlobalSection
	GlobalSection(ExtensibilityGlobals) = postSolution
		SolutionGuid = {D593B38D-4AC8-4351-97CD-4D92E43A2D92}
	EndGlobalSection
EndGlobal
